
Microsoft Visual Studio Solution File, Format Version 12.00
# Visual Studio Version 16
VisualStudioVersion = 16.0.31129.286
MinimumVisualStudioVersion = 10.0.40219.1
Project("{FAE04EC0-301F-11D3-BF4B-00C04F79EFBC}") = "AzureWebAppConfiguration", "AzureWebAppConfiguration\AzureWebAppConfiguration.csproj", "{C45DA3A0-04AE-49A6-8DC4-DD6E0CA9059E}"
EndProject
Global
	GlobalSection(SolutionConfigurationPlatforms) = preSolution
		Debug|Any CPU = Debug|Any CPU
		Release|Any CPU = Release|Any CPU
	EndGlobalSection
	GlobalSection(ProjectConfigurationPlatforms) = postSolution
		{C45DA3A0-04AE-49A6-8DC4-DD6E0CA9059E}.Debug|Any CPU.ActiveCfg = Debug|Any CPU
		{C45DA3A0-04AE-49A6-8DC4-DD6E0CA9059E}.Debug|Any CPU.Build.0 = Debug|Any CPU
		{C45DA3A0-04AE-49A6-8DC4-DD6E0CA9059E}.Release|Any CPU.ActiveCfg = Release|Any CPU
		{C45DA3A0-04AE-49A6-8DC4-DD6E0CA9059E}.Release|Any CPU.Build.0 = Release|Any CPU
	EndGlobalSection
	GlobalSection(SolutionProperties) = preSolution
		HideSolutionNode = FALSE
	EndGlobalSection
	GlobalSection(ExtensibilityGlobals) = postSolution
		SolutionGuid = {CB5B9F5D-7363-487C-A3E9-3CC26A6349F2}
	EndGlobalSection
EndGlobal
